// !$*UTF8*$!
{
	archiveVersion = 1;
	classes = {
	};
	objectVersion = 46;
	objects = {

/* Begin PBXBuildFile section */
		A9D75BC247DF8789031C1057 /* libPods.a in Frameworks */ = {isa = PBXBuildFile; fileRef = 5B1AF7DA540B3B02733D2E79 /* libPods.a */; };
		D03FCB5C1AEB6761009F03C6 /* Warnings.xcconfig in Resources */ = {isa = PBXBuildFile; fileRef = D03FCB5B1AEB6761009F03C6 /* Warnings.xcconfig */; };
		D06CDE171AEBCE2D00B4F0B9 /* URLFactory.m in Sources */ = {isa = PBXBuildFile; fileRef = D06CDE161AEBCE2D00B4F0B9 /* URLFactory.m */; };
		D06CDE1A1AEBCE9E00B4F0B9 /* TwilioCommunicator.m in Sources */ = {isa = PBXBuildFile; fileRef = D06CDE191AEBCE9E00B4F0B9 /* TwilioCommunicator.m */; };
		D06CDE1F1AEBD1F900B4F0B9 /* NSDate+FormattedDates.m in Sources */ = {isa = PBXBuildFile; fileRef = D06CDE1E1AEBD1F900B4F0B9 /* NSDate+FormattedDates.m */; };
		D06CDE201AEBD24300B4F0B9 /* NSDate+FormattedDates.m in Sources */ = {isa = PBXBuildFile; fileRef = D06CDE1E1AEBD1F900B4F0B9 /* NSDate+FormattedDates.m */; };
		D0BDECF61AEBD97800BEE977 /* BaseRequestSerializer.m in Sources */ = {isa = PBXBuildFile; fileRef = D0BDECF51AEBD97800BEE977 /* BaseRequestSerializer.m */; };
		D0BDECF91AEBE8AA00BEE977 /* StringConstants.m in Sources */ = {isa = PBXBuildFile; fileRef = D0BDECF81AEBE8A900BEE977 /* StringConstants.m */; };
		D0BDED021AEC02A200BEE977 /* ContactsViewController.m in Sources */ = {isa = PBXBuildFile; fileRef = D0BDED011AEC02A200BEE977 /* ContactsViewController.m */; };
		D0BDED081AEC03B500BEE977 /* ContactsTableViewCell.m in Sources */ = {isa = PBXBuildFile; fileRef = D0BDED061AEC03B500BEE977 /* ContactsTableViewCell.m */; };
		D0BDED091AEC03B500BEE977 /* ContactsTableViewCell.xib in Resources */ = {isa = PBXBuildFile; fileRef = D0BDED071AEC03B500BEE977 /* ContactsTableViewCell.xib */; };
		D0BDED0D1AEC042100BEE977 /* ContactsFooterView.m in Sources */ = {isa = PBXBuildFile; fileRef = D0BDED0B1AEC042100BEE977 /* ContactsFooterView.m */; };
		D0BDED0E1AEC042100BEE977 /* ContactsFooterView.xib in Resources */ = {isa = PBXBuildFile; fileRef = D0BDED0C1AEC042100BEE977 /* ContactsFooterView.xib */; };
		D0ED69AE1AEB5C88008EDA8B /* main.m in Sources */ = {isa = PBXBuildFile; fileRef = D0ED69AD1AEB5C88008EDA8B /* main.m */; };
		D0ED69B11AEB5C88008EDA8B /* AppDelegate.m in Sources */ = {isa = PBXBuildFile; fileRef = D0ED69B01AEB5C88008EDA8B /* AppDelegate.m */; };
		D0ED69B41AEB5C88008EDA8B /* ViewController.m in Sources */ = {isa = PBXBuildFile; fileRef = D0ED69B31AEB5C88008EDA8B /* ViewController.m */; };
		D0ED69B71AEB5C88008EDA8B /* Main.storyboard in Resources */ = {isa = PBXBuildFile; fileRef = D0ED69B51AEB5C88008EDA8B /* Main.storyboard */; };
		D0ED69B91AEB5C88008EDA8B /* Images.xcassets in Resources */ = {isa = PBXBuildFile; fileRef = D0ED69B81AEB5C88008EDA8B /* Images.xcassets */; };
		D0ED69BC1AEB5C88008EDA8B /* LaunchScreen.xib in Resources */ = {isa = PBXBuildFile; fileRef = D0ED69BA1AEB5C88008EDA8B /* LaunchScreen.xib */; };
		D0ED69C81AEB5C88008EDA8B /* AERTests.m in Sources */ = {isa = PBXBuildFile; fileRef = D0ED69C71AEB5C88008EDA8B /* AERTests.m */; };
/* End PBXBuildFile section */

/* Begin PBXContainerItemProxy section */
		D0ED69C21AEB5C88008EDA8B /* PBXContainerItemProxy */ = {
			isa = PBXContainerItemProxy;
			containerPortal = D0ED69A01AEB5C88008EDA8B /* Project object */;
			proxyType = 1;
			remoteGlobalIDString = D0ED69A71AEB5C88008EDA8B;
			remoteInfo = AER;
		};
/* End PBXContainerItemProxy section */

/* Begin PBXFileReference section */
		0BF037DAF71A50705492523C /* Pods.debug.xcconfig */ = {isa = PBXFileReference; includeInIndex = 1; lastKnownFileType = text.xcconfig; name = Pods.debug.xcconfig; path = "Pods/Target Support Files/Pods/Pods.debug.xcconfig"; sourceTree = "<group>"; };
		5B1AF7DA540B3B02733D2E79 /* libPods.a */ = {isa = PBXFileReference; explicitFileType = archive.ar; includeInIndex = 0; path = libPods.a; sourceTree = BUILT_PRODUCTS_DIR; };
		6BA08DC4C7E3856CEF1DECD6 /* Pods.release.xcconfig */ = {isa = PBXFileReference; includeInIndex = 1; lastKnownFileType = text.xcconfig; name = Pods.release.xcconfig; path = "Pods/Target Support Files/Pods/Pods.release.xcconfig"; sourceTree = "<group>"; };
		D03FCB5B1AEB6761009F03C6 /* Warnings.xcconfig */ = {isa = PBXFileReference; fileEncoding = 4; lastKnownFileType = text.xcconfig; name = Warnings.xcconfig; path = ../Warnings.xcconfig; sourceTree = "<group>"; };
		D06CDE151AEBCE2D00B4F0B9 /* URLFactory.h */ = {isa = PBXFileReference; fileEncoding = 4; lastKnownFileType = sourcecode.c.h; path = URLFactory.h; sourceTree = "<group>"; };
		D06CDE161AEBCE2D00B4F0B9 /* URLFactory.m */ = {isa = PBXFileReference; fileEncoding = 4; lastKnownFileType = sourcecode.c.objc; path = URLFactory.m; sourceTree = "<group>"; };
		D06CDE181AEBCE9E00B4F0B9 /* TwilioCommunicator.h */ = {isa = PBXFileReference; fileEncoding = 4; lastKnownFileType = sourcecode.c.h; path = TwilioCommunicator.h; sourceTree = "<group>"; };
		D06CDE191AEBCE9E00B4F0B9 /* TwilioCommunicator.m */ = {isa = PBXFileReference; fileEncoding = 4; lastKnownFileType = sourcecode.c.objc; path = TwilioCommunicator.m; sourceTree = "<group>"; };
		D06CDE1D1AEBD1F900B4F0B9 /* NSDate+FormattedDates.h */ = {isa = PBXFileReference; fileEncoding = 4; lastKnownFileType = sourcecode.c.h; path = "NSDate+FormattedDates.h"; sourceTree = "<group>"; };
		D06CDE1E1AEBD1F900B4F0B9 /* NSDate+FormattedDates.m */ = {isa = PBXFileReference; fileEncoding = 4; lastKnownFileType = sourcecode.c.objc; path = "NSDate+FormattedDates.m"; sourceTree = "<group>"; };
		D0BDECF41AEBD97800BEE977 /* BaseRequestSerializer.h */ = {isa = PBXFileReference; fileEncoding = 4; lastKnownFileType = sourcecode.c.h; path = BaseRequestSerializer.h; sourceTree = "<group>"; };
		D0BDECF51AEBD97800BEE977 /* BaseRequestSerializer.m */ = {isa = PBXFileReference; fileEncoding = 4; lastKnownFileType = sourcecode.c.objc; path = BaseRequestSerializer.m; sourceTree = "<group>"; };
		D0BDECF71AEBE8A900BEE977 /* StringConstants.h */ = {isa = PBXFileReference; fileEncoding = 4; lastKnownFileType = sourcecode.c.h; path = StringConstants.h; sourceTree = "<group>"; };
		D0BDECF81AEBE8A900BEE977 /* StringConstants.m */ = {isa = PBXFileReference; fileEncoding = 4; lastKnownFileType = sourcecode.c.objc; path = StringConstants.m; sourceTree = "<group>"; };
		D0BDED001AEC02A200BEE977 /* ContactsViewController.h */ = {isa = PBXFileReference; fileEncoding = 4; lastKnownFileType = sourcecode.c.h; path = ContactsViewController.h; sourceTree = "<group>"; };
		D0BDED011AEC02A200BEE977 /* ContactsViewController.m */ = {isa = PBXFileReference; fileEncoding = 4; lastKnownFileType = sourcecode.c.objc; path = ContactsViewController.m; sourceTree = "<group>"; };
		D0BDED051AEC03B500BEE977 /* ContactsTableViewCell.h */ = {isa = PBXFileReference; fileEncoding = 4; lastKnownFileType = sourcecode.c.h; path = ContactsTableViewCell.h; sourceTree = "<group>"; };
		D0BDED061AEC03B500BEE977 /* ContactsTableViewCell.m */ = {isa = PBXFileReference; fileEncoding = 4; lastKnownFileType = sourcecode.c.objc; path = ContactsTableViewCell.m; sourceTree = "<group>"; };
		D0BDED071AEC03B500BEE977 /* ContactsTableViewCell.xib */ = {isa = PBXFileReference; fileEncoding = 4; lastKnownFileType = file.xib; path = ContactsTableViewCell.xib; sourceTree = "<group>"; };
		D0BDED0A1AEC042100BEE977 /* ContactsFooterView.h */ = {isa = PBXFileReference; fileEncoding = 4; lastKnownFileType = sourcecode.c.h; path = ContactsFooterView.h; sourceTree = "<group>"; };
		D0BDED0B1AEC042100BEE977 /* ContactsFooterView.m */ = {isa = PBXFileReference; fileEncoding = 4; lastKnownFileType = sourcecode.c.objc; path = ContactsFooterView.m; sourceTree = "<group>"; };
		D0BDED0C1AEC042100BEE977 /* ContactsFooterView.xib */ = {isa = PBXFileReference; fileEncoding = 4; lastKnownFileType = file.xib; path = ContactsFooterView.xib; sourceTree = "<group>"; };
		D0ED69A81AEB5C88008EDA8B /* AER.app */ = {isa = PBXFileReference; explicitFileType = wrapper.application; includeInIndex = 0; path = AER.app; sourceTree = BUILT_PRODUCTS_DIR; };
		D0ED69AC1AEB5C88008EDA8B /* Info.plist */ = {isa = PBXFileReference; lastKnownFileType = text.plist.xml; path = Info.plist; sourceTree = "<group>"; };
		D0ED69AD1AEB5C88008EDA8B /* main.m */ = {isa = PBXFileReference; lastKnownFileType = sourcecode.c.objc; path = main.m; sourceTree = "<group>"; };
		D0ED69AF1AEB5C88008EDA8B /* AppDelegate.h */ = {isa = PBXFileReference; lastKnownFileType = sourcecode.c.h; path = AppDelegate.h; sourceTree = "<group>"; };
		D0ED69B01AEB5C88008EDA8B /* AppDelegate.m */ = {isa = PBXFileReference; lastKnownFileType = sourcecode.c.objc; path = AppDelegate.m; sourceTree = "<group>"; };
		D0ED69B21AEB5C88008EDA8B /* ViewController.h */ = {isa = PBXFileReference; lastKnownFileType = sourcecode.c.h; path = ViewController.h; sourceTree = "<group>"; };
		D0ED69B31AEB5C88008EDA8B /* ViewController.m */ = {isa = PBXFileReference; lastKnownFileType = sourcecode.c.objc; path = ViewController.m; sourceTree = "<group>"; };
		D0ED69B61AEB5C88008EDA8B /* Base */ = {isa = PBXFileReference; lastKnownFileType = file.storyboard; name = Base; path = Base.lproj/Main.storyboard; sourceTree = "<group>"; };
		D0ED69B81AEB5C88008EDA8B /* Images.xcassets */ = {isa = PBXFileReference; lastKnownFileType = folder.assetcatalog; path = Images.xcassets; sourceTree = "<group>"; };
		D0ED69BB1AEB5C88008EDA8B /* Base */ = {isa = PBXFileReference; lastKnownFileType = file.xib; name = Base; path = Base.lproj/LaunchScreen.xib; sourceTree = "<group>"; };
		D0ED69C11AEB5C88008EDA8B /* AERTests.xctest */ = {isa = PBXFileReference; explicitFileType = wrapper.cfbundle; includeInIndex = 0; path = AERTests.xctest; sourceTree = BUILT_PRODUCTS_DIR; };
		D0ED69C61AEB5C88008EDA8B /* Info.plist */ = {isa = PBXFileReference; lastKnownFileType = text.plist.xml; path = Info.plist; sourceTree = "<group>"; };
		D0ED69C71AEB5C88008EDA8B /* AERTests.m */ = {isa = PBXFileReference; lastKnownFileType = sourcecode.c.objc; path = AERTests.m; sourceTree = "<group>"; };
/* End PBXFileReference section */

/* Begin PBXFrameworksBuildPhase section */
		D0ED69A51AEB5C88008EDA8B /* Frameworks */ = {
			isa = PBXFrameworksBuildPhase;
			buildActionMask = 2147483647;
			files = (
				A9D75BC247DF8789031C1057 /* libPods.a in Frameworks */,
			);
			runOnlyForDeploymentPostprocessing = 0;
		};
		D0ED69BE1AEB5C88008EDA8B /* Frameworks */ = {
			isa = PBXFrameworksBuildPhase;
			buildActionMask = 2147483647;
			files = (
			);
			runOnlyForDeploymentPostprocessing = 0;
		};
/* End PBXFrameworksBuildPhase section */

/* Begin PBXGroup section */
		32AABE3D41D536659C7FF418 /* Frameworks */ = {
			isa = PBXGroup;
			children = (
				5B1AF7DA540B3B02733D2E79 /* libPods.a */,
			);
			name = Frameworks;
			sourceTree = "<group>";
		};
		3F883B62F234F8BB4FA854DE /* Pods */ = {
			isa = PBXGroup;
			children = (
				0BF037DAF71A50705492523C /* Pods.debug.xcconfig */,
				6BA08DC4C7E3856CEF1DECD6 /* Pods.release.xcconfig */,
			);
			name = Pods;
			sourceTree = "<group>";
		};
		D06CDE141AEBCE1E00B4F0B9 /* Factories */ = {
			isa = PBXGroup;
			children = (
				D06CDE151AEBCE2D00B4F0B9 /* URLFactory.h */,
				D06CDE161AEBCE2D00B4F0B9 /* URLFactory.m */,
			);
			name = Factories;
			sourceTree = "<group>";
		};
		D06CDE1B1AEBD16600B4F0B9 /* Network Communicators */ = {
			isa = PBXGroup;
			children = (
				D06CDE181AEBCE9E00B4F0B9 /* TwilioCommunicator.h */,
				D06CDE191AEBCE9E00B4F0B9 /* TwilioCommunicator.m */,
			);
			name = "Network Communicators";
			sourceTree = "<group>";
		};
		D06CDE1C1AEBD1E900B4F0B9 /* Categories */ = {
			isa = PBXGroup;
			children = (
				D06CDE1D1AEBD1F900B4F0B9 /* NSDate+FormattedDates.h */,
				D06CDE1E1AEBD1F900B4F0B9 /* NSDate+FormattedDates.m */,
			);
			name = Categories;
			sourceTree = "<group>";
		};
		D0BDECF31AEBD96100BEE977 /* Serializers */ = {
			isa = PBXGroup;
			children = (
				D0BDECF41AEBD97800BEE977 /* BaseRequestSerializer.h */,
				D0BDECF51AEBD97800BEE977 /* BaseRequestSerializer.m */,
			);
			name = Serializers;
			sourceTree = "<group>";
		};
		D0BDED031AEC02B800BEE977 /* View Controllers */ = {
			isa = PBXGroup;
			children = (
				D0ED69B21AEB5C88008EDA8B /* ViewController.h */,
				D0ED69B31AEB5C88008EDA8B /* ViewController.m */,
				D0BDED001AEC02A200BEE977 /* ContactsViewController.h */,
				D0BDED011AEC02A200BEE977 /* ContactsViewController.m */,
			);
			name = "View Controllers";
			sourceTree = "<group>";
		};
		D0BDED041AEC03A500BEE977 /* Views */ = {
			isa = PBXGroup;
			children = (
				D0BDED051AEC03B500BEE977 /* ContactsTableViewCell.h */,
				D0BDED061AEC03B500BEE977 /* ContactsTableViewCell.m */,
				D0BDED071AEC03B500BEE977 /* ContactsTableViewCell.xib */,
				D0BDED0A1AEC042100BEE977 /* ContactsFooterView.h */,
				D0BDED0B1AEC042100BEE977 /* ContactsFooterView.m */,
				D0BDED0C1AEC042100BEE977 /* ContactsFooterView.xib */,
			);
			name = Views;
			sourceTree = "<group>";
		};
		D0ED699F1AEB5C88008EDA8B = {
			isa = PBXGroup;
			children = (
				D0ED69AA1AEB5C88008EDA8B /* AER */,
				D0ED69C41AEB5C88008EDA8B /* AERTests */,
				D0ED69A91AEB5C88008EDA8B /* Products */,
				3F883B62F234F8BB4FA854DE /* Pods */,
				32AABE3D41D536659C7FF418 /* Frameworks */,
			);
			sourceTree = "<group>";
		};
		D0ED69A91AEB5C88008EDA8B /* Products */ = {
			isa = PBXGroup;
			children = (
				D0ED69A81AEB5C88008EDA8B /* AER.app */,
				D0ED69C11AEB5C88008EDA8B /* AERTests.xctest */,
			);
			name = Products;
			sourceTree = "<group>";
		};
		D0ED69AA1AEB5C88008EDA8B /* AER */ = {
			isa = PBXGroup;
			children = (
				D0BDED041AEC03A500BEE977 /* Views */,
				D0BDED031AEC02B800BEE977 /* View Controllers */,
				D0BDECF31AEBD96100BEE977 /* Serializers */,
				D06CDE1C1AEBD1E900B4F0B9 /* Categories */,
				D0ED69AF1AEB5C88008EDA8B /* AppDelegate.h */,
				D0ED69B01AEB5C88008EDA8B /* AppDelegate.m */,
				D06CDE141AEBCE1E00B4F0B9 /* Factories */,
				D06CDE1B1AEBD16600B4F0B9 /* Network Communicators */,
				D0ED69B51AEB5C88008EDA8B /* Main.storyboard */,
				D0ED69B81AEB5C88008EDA8B /* Images.xcassets */,
				D0ED69BA1AEB5C88008EDA8B /* LaunchScreen.xib */,
				D0ED69AB1AEB5C88008EDA8B /* Supporting Files */,
				D0BDECF71AEBE8A900BEE977 /* StringConstants.h */,
				D0BDECF81AEBE8A900BEE977 /* StringConstants.m */,
			);
			path = AER;
			sourceTree = "<group>";
		};
		D0ED69AB1AEB5C88008EDA8B /* Supporting Files */ = {
			isa = PBXGroup;
			children = (
				D03FCB5B1AEB6761009F03C6 /* Warnings.xcconfig */,
				D0ED69AC1AEB5C88008EDA8B /* Info.plist */,
				D0ED69AD1AEB5C88008EDA8B /* main.m */,
			);
			name = "Supporting Files";
			sourceTree = "<group>";
		};
		D0ED69C41AEB5C88008EDA8B /* AERTests */ = {
			isa = PBXGroup;
			children = (
				D0ED69C71AEB5C88008EDA8B /* AERTests.m */,
				D0ED69C51AEB5C88008EDA8B /* Supporting Files */,
			);
			path = AERTests;
			sourceTree = "<group>";
		};
		D0ED69C51AEB5C88008EDA8B /* Supporting Files */ = {
			isa = PBXGroup;
			children = (
				D0ED69C61AEB5C88008EDA8B /* Info.plist */,
			);
			name = "Supporting Files";
			sourceTree = "<group>";
		};
/* End PBXGroup section */

/* Begin PBXNativeTarget section */
		D0ED69A71AEB5C88008EDA8B /* AER */ = {
			isa = PBXNativeTarget;
			buildConfigurationList = D0ED69CB1AEB5C88008EDA8B /* Build configuration list for PBXNativeTarget "AER" */;
			buildPhases = (
				AC8CA00A9EE64948583279EC /* Check Pods Manifest.lock */,
				D0ED69A41AEB5C88008EDA8B /* Sources */,
				D0ED69A51AEB5C88008EDA8B /* Frameworks */,
				D0ED69A61AEB5C88008EDA8B /* Resources */,
				DA1F287C05C0A97CB67EC804 /* Copy Pods Resources */,
			);
			buildRules = (
			);
			dependencies = (
			);
			name = AER;
			productName = AER;
			productReference = D0ED69A81AEB5C88008EDA8B /* AER.app */;
			productType = "com.apple.product-type.application";
		};
		D0ED69C01AEB5C88008EDA8B /* AERTests */ = {
			isa = PBXNativeTarget;
			buildConfigurationList = D0ED69CE1AEB5C88008EDA8B /* Build configuration list for PBXNativeTarget "AERTests" */;
			buildPhases = (
				D0ED69BD1AEB5C88008EDA8B /* Sources */,
				D0ED69BE1AEB5C88008EDA8B /* Frameworks */,
				D0ED69BF1AEB5C88008EDA8B /* Resources */,
			);
			buildRules = (
			);
			dependencies = (
				D0ED69C31AEB5C88008EDA8B /* PBXTargetDependency */,
			);
			name = AERTests;
			productName = AERTests;
			productReference = D0ED69C11AEB5C88008EDA8B /* AERTests.xctest */;
			productType = "com.apple.product-type.bundle.unit-test";
		};
/* End PBXNativeTarget section */

/* Begin PBXProject section */
		D0ED69A01AEB5C88008EDA8B /* Project object */ = {
			isa = PBXProject;
			attributes = {
				LastUpgradeCheck = 0630;
				ORGANIZATIONNAME = "Peter Foti";
				TargetAttributes = {
					D0ED69A71AEB5C88008EDA8B = {
						CreatedOnToolsVersion = 6.3.1;
					};
					D0ED69C01AEB5C88008EDA8B = {
						CreatedOnToolsVersion = 6.3.1;
						TestTargetID = D0ED69A71AEB5C88008EDA8B;
					};
				};
			};
			buildConfigurationList = D0ED69A31AEB5C88008EDA8B /* Build configuration list for PBXProject "AER" */;
			compatibilityVersion = "Xcode 3.2";
			developmentRegion = English;
			hasScannedForEncodings = 0;
			knownRegions = (
				en,
				Base,
			);
			mainGroup = D0ED699F1AEB5C88008EDA8B;
			productRefGroup = D0ED69A91AEB5C88008EDA8B /* Products */;
			projectDirPath = "";
			projectRoot = "";
			targets = (
				D0ED69A71AEB5C88008EDA8B /* AER */,
				D0ED69C01AEB5C88008EDA8B /* AERTests */,
			);
		};
/* End PBXProject section */

/* Begin PBXResourcesBuildPhase section */
		D0ED69A61AEB5C88008EDA8B /* Resources */ = {
			isa = PBXResourcesBuildPhase;
			buildActionMask = 2147483647;
			files = (
				D0ED69B71AEB5C88008EDA8B /* Main.storyboard in Resources */,
				D03FCB5C1AEB6761009F03C6 /* Warnings.xcconfig in Resources */,
				D0ED69BC1AEB5C88008EDA8B /* LaunchScreen.xib in Resources */,
				D0ED69B91AEB5C88008EDA8B /* Images.xcassets in Resources */,
				D0BDED0E1AEC042100BEE977 /* ContactsFooterView.xib in Resources */,
				D0BDED091AEC03B500BEE977 /* ContactsTableViewCell.xib in Resources */,
			);
			runOnlyForDeploymentPostprocessing = 0;
		};
		D0ED69BF1AEB5C88008EDA8B /* Resources */ = {
			isa = PBXResourcesBuildPhase;
			buildActionMask = 2147483647;
			files = (
			);
			runOnlyForDeploymentPostprocessing = 0;
		};
/* End PBXResourcesBuildPhase section */

/* Begin PBXShellScriptBuildPhase section */
		AC8CA00A9EE64948583279EC /* Check Pods Manifest.lock */ = {
			isa = PBXShellScriptBuildPhase;
			buildActionMask = 2147483647;
			files = (
			);
			inputPaths = (
			);
			name = "Check Pods Manifest.lock";
			outputPaths = (
			);
			runOnlyForDeploymentPostprocessing = 0;
			shellPath = /bin/sh;
			shellScript = "diff \"${PODS_ROOT}/../Podfile.lock\" \"${PODS_ROOT}/Manifest.lock\" > /dev/null\nif [[ $? != 0 ]] ; then\n    cat << EOM\nerror: The sandbox is not in sync with the Podfile.lock. Run 'pod install' or update your CocoaPods installation.\nEOM\n    exit 1\nfi\n";
			showEnvVarsInLog = 0;
		};
		DA1F287C05C0A97CB67EC804 /* Copy Pods Resources */ = {
			isa = PBXShellScriptBuildPhase;
			buildActionMask = 2147483647;
			files = (
			);
			inputPaths = (
			);
			name = "Copy Pods Resources";
			outputPaths = (
			);
			runOnlyForDeploymentPostprocessing = 0;
			shellPath = /bin/sh;
			shellScript = "\"${SRCROOT}/Pods/Target Support Files/Pods/Pods-resources.sh\"\n";
			showEnvVarsInLog = 0;
		};
/* End PBXShellScriptBuildPhase section */

/* Begin PBXSourcesBuildPhase section */
		D0ED69A41AEB5C88008EDA8B /* Sources */ = {
			isa = PBXSourcesBuildPhase;
			buildActionMask = 2147483647;
			files = (
				D0BDED081AEC03B500BEE977 /* ContactsTableViewCell.m in Sources */,
				D0BDECF91AEBE8AA00BEE977 /* StringConstants.m in Sources */,
				D0BDED0D1AEC042100BEE977 /* ContactsFooterView.m in Sources */,
				D0ED69B41AEB5C88008EDA8B /* ViewController.m in Sources */,
				D0ED69B11AEB5C88008EDA8B /* AppDelegate.m in Sources */,
				D0BDECF61AEBD97800BEE977 /* BaseRequestSerializer.m in Sources */,
				D06CDE1A1AEBCE9E00B4F0B9 /* TwilioCommunicator.m in Sources */,
				D06CDE1F1AEBD1F900B4F0B9 /* NSDate+FormattedDates.m in Sources */,
				D06CDE171AEBCE2D00B4F0B9 /* URLFactory.m in Sources */,
				D0BDED021AEC02A200BEE977 /* ContactsViewController.m in Sources */,
				D0ED69AE1AEB5C88008EDA8B /* main.m in Sources */,
			);
			runOnlyForDeploymentPostprocessing = 0;
		};
		D0ED69BD1AEB5C88008EDA8B /* Sources */ = {
			isa = PBXSourcesBuildPhase;
			buildActionMask = 2147483647;
			files = (
				D0ED69C81AEB5C88008EDA8B /* AERTests.m in Sources */,
				D06CDE201AEBD24300B4F0B9 /* NSDate+FormattedDates.m in Sources */,
			);
			runOnlyForDeploymentPostprocessing = 0;
		};
/* End PBXSourcesBuildPhase section */

/* Begin PBXTargetDependency section */
		D0ED69C31AEB5C88008EDA8B /* PBXTargetDependency */ = {
			isa = PBXTargetDependency;
			target = D0ED69A71AEB5C88008EDA8B /* AER */;
			targetProxy = D0ED69C21AEB5C88008EDA8B /* PBXContainerItemProxy */;
		};
/* End PBXTargetDependency section */

/* Begin PBXVariantGroup section */
		D0ED69B51AEB5C88008EDA8B /* Main.storyboard */ = {
			isa = PBXVariantGroup;
			children = (
				D0ED69B61AEB5C88008EDA8B /* Base */,
			);
			name = Main.storyboard;
			sourceTree = "<group>";
		};
		D0ED69BA1AEB5C88008EDA8B /* LaunchScreen.xib */ = {
			isa = PBXVariantGroup;
			children = (
				D0ED69BB1AEB5C88008EDA8B /* Base */,
			);
			name = LaunchScreen.xib;
			sourceTree = "<group>";
		};
/* End PBXVariantGroup section */

/* Begin XCBuildConfiguration section */
		D0ED69C91AEB5C88008EDA8B /* Debug */ = {
			isa = XCBuildConfiguration;
			baseConfigurationReference = 0BF037DAF71A50705492523C /* Pods.debug.xcconfig */;
			buildSettings = {
				ALWAYS_SEARCH_USER_PATHS = NO;
				CLANG_CXX_LANGUAGE_STANDARD = "gnu++0x";
				CLANG_CXX_LIBRARY = "libc++";
				CLANG_ENABLE_MODULES = YES;
				CLANG_ENABLE_OBJC_ARC = YES;
				CLANG_WARN_BOOL_CONVERSION = YES;
				CLANG_WARN_CONSTANT_CONVERSION = YES;
				CLANG_WARN_DIRECT_OBJC_ISA_USAGE = YES_ERROR;
				CLANG_WARN_EMPTY_BODY = YES;
				CLANG_WARN_ENUM_CONVERSION = YES;
				CLANG_WARN_INT_CONVERSION = YES;
				CLANG_WARN_OBJC_ROOT_CLASS = YES_ERROR;
				CLANG_WARN_UNREACHABLE_CODE = YES;
				CLANG_WARN__DUPLICATE_METHOD_MATCH = YES;
				"CODE_SIGN_IDENTITY[sdk=iphoneos*]" = "iPhone Developer";
				COPY_PHASE_STRIP = NO;
				DEBUG_INFORMATION_FORMAT = "dwarf-with-dsym";
				ENABLE_STRICT_OBJC_MSGSEND = YES;
				GCC_C_LANGUAGE_STANDARD = gnu99;
				GCC_DYNAMIC_NO_PIC = NO;
				GCC_NO_COMMON_BLOCKS = YES;
				GCC_OPTIMIZATION_LEVEL = 0;
				GCC_PREPROCESSOR_DEFINITIONS = (
					"DEBUG=1",
					"$(inherited)",
				);
				GCC_SYMBOLS_PRIVATE_EXTERN = NO;
				GCC_WARN_64_TO_32_BIT_CONVERSION = YES;
				GCC_WARN_ABOUT_RETURN_TYPE = YES_ERROR;
				GCC_WARN_UNDECLARED_SELECTOR = YES;
				GCC_WARN_UNINITIALIZED_AUTOS = YES_AGGRESSIVE;
				GCC_WARN_UNUSED_FUNCTION = YES;
				GCC_WARN_UNUSED_VARIABLE = YES;
				IPHONEOS_DEPLOYMENT_TARGET = 8.3;
				MTL_ENABLE_DEBUG_INFO = YES;
				ONLY_ACTIVE_ARCH = YES;
				SDKROOT = iphoneos;
			};
			name = Debug;
		};
		D0ED69CA1AEB5C88008EDA8B /* Release */ = {
			isa = XCBuildConfiguration;
			buildSettings = {
				ALWAYS_SEARCH_USER_PATHS = NO;
				CLANG_CXX_LANGUAGE_STANDARD = "gnu++0x";
				CLANG_CXX_LIBRARY = "libc++";
				CLANG_ENABLE_MODULES = YES;
				CLANG_ENABLE_OBJC_ARC = YES;
				CLANG_WARN_BOOL_CONVERSION = YES;
				CLANG_WARN_CONSTANT_CONVERSION = YES;
				CLANG_WARN_DIRECT_OBJC_ISA_USAGE = YES_ERROR;
				CLANG_WARN_EMPTY_BODY = YES;
				CLANG_WARN_ENUM_CONVERSION = YES;
				CLANG_WARN_INT_CONVERSION = YES;
				CLANG_WARN_OBJC_ROOT_CLASS = YES_ERROR;
				CLANG_WARN_UNREACHABLE_CODE = YES;
				CLANG_WARN__DUPLICATE_METHOD_MATCH = YES;
				"CODE_SIGN_IDENTITY[sdk=iphoneos*]" = "iPhone Developer";
				COPY_PHASE_STRIP = NO;
				DEBUG_INFORMATION_FORMAT = "dwarf-with-dsym";
				ENABLE_NS_ASSERTIONS = NO;
				ENABLE_STRICT_OBJC_MSGSEND = YES;
				GCC_C_LANGUAGE_STANDARD = gnu99;
				GCC_NO_COMMON_BLOCKS = YES;
				GCC_WARN_64_TO_32_BIT_CONVERSION = YES;
				GCC_WARN_ABOUT_RETURN_TYPE = YES_ERROR;
				GCC_WARN_UNDECLARED_SELECTOR = YES;
				GCC_WARN_UNINITIALIZED_AUTOS = YES_AGGRESSIVE;
				GCC_WARN_UNUSED_FUNCTION = YES;
				GCC_WARN_UNUSED_VARIABLE = YES;
				IPHONEOS_DEPLOYMENT_TARGET = 8.3;
				MTL_ENABLE_DEBUG_INFO = NO;
				SDKROOT = iphoneos;
				VALIDATE_PRODUCT = YES;
			};
			name = Release;
		};
		D0ED69CC1AEB5C88008EDA8B /* Debug */ = {
			isa = XCBuildConfiguration;
			baseConfigurationReference = D03FCB5B1AEB6761009F03C6 /* Warnings.xcconfig */;
			buildSettings = {
				ASSETCATALOG_COMPILER_APPICON_NAME = AppIcon;
				INFOPLIST_FILE = AER/Info.plist;
				LD_RUNPATH_SEARCH_PATHS = "$(inherited) @executable_path/Frameworks";
				PRODUCT_NAME = "$(TARGET_NAME)";
			};
			name = Debug;
		};
		D0ED69CD1AEB5C88008EDA8B /* Release */ = {
			isa = XCBuildConfiguration;
			baseConfigurationReference = 6BA08DC4C7E3856CEF1DECD6 /* Pods.release.xcconfig */;
			buildSettings = {
				ASSETCATALOG_COMPILER_APPICON_NAME = AppIcon;
				INFOPLIST_FILE = AER/Info.plist;
				LD_RUNPATH_SEARCH_PATHS = "$(inherited) @executable_path/Frameworks";
				PRODUCT_NAME = "$(TARGET_NAME)";
			};
			name = Release;
		};
		D0ED69CF1AEB5C88008EDA8B /* Debug */ = {
			isa = XCBuildConfiguration;
			buildSettings = {
				BUNDLE_LOADER = "$(TEST_HOST)";
				FRAMEWORK_SEARCH_PATHS = (
					"$(SDKROOT)/Developer/Library/Frameworks",
					"$(inherited)",
				);
				GCC_PREPROCESSOR_DEFINITIONS = (
					"DEBUG=1",
					"$(inherited)",
				);
				INFOPLIST_FILE = AERTests/Info.plist;
				LD_RUNPATH_SEARCH_PATHS = "$(inherited) @executable_path/Frameworks @loader_path/Frameworks";
				PRODUCT_NAME = "$(TARGET_NAME)";
				TEST_HOST = "$(BUILT_PRODUCTS_DIR)/AER.app/AER";
			};
			name = Debug;
		};
		D0ED69D01AEB5C88008EDA8B /* Release */ = {
			isa = XCBuildConfiguration;
			buildSettings = {
				BUNDLE_LOADER = "$(TEST_HOST)";
				FRAMEWORK_SEARCH_PATHS = (
					"$(SDKROOT)/Developer/Library/Frameworks",
					"$(inherited)",
				);
				INFOPLIST_FILE = AERTests/Info.plist;
				LD_RUNPATH_SEARCH_PATHS = "$(inherited) @executable_path/Frameworks @loader_path/Frameworks";
				PRODUCT_NAME = "$(TARGET_NAME)";
				TEST_HOST = "$(BUILT_PRODUCTS_DIR)/AER.app/AER";
			};
			name = Release;
		};
/* End XCBuildConfiguration section */

/* Begin XCConfigurationList section */
		D0ED69A31AEB5C88008EDA8B /* Build configuration list for PBXProject "AER" */ = {
			isa = XCConfigurationList;
			buildConfigurations = (
				D0ED69C91AEB5C88008EDA8B /* Debug */,
				D0ED69CA1AEB5C88008EDA8B /* Release */,
			);
			defaultConfigurationIsVisible = 0;
			defaultConfigurationName = Release;
		};
		D0ED69CB1AEB5C88008EDA8B /* Build configuration list for PBXNativeTarget "AER" */ = {
			isa = XCConfigurationList;
			buildConfigurations = (
				D0ED69CC1AEB5C88008EDA8B /* Debug */,
				D0ED69CD1AEB5C88008EDA8B /* Release */,
			);
			defaultConfigurationIsVisible = 0;
			defaultConfigurationName = Release;
		};
		D0ED69CE1AEB5C88008EDA8B /* Build configuration list for PBXNativeTarget "AERTests" */ = {
			isa = XCConfigurationList;
			buildConfigurations = (
				D0ED69CF1AEB5C88008EDA8B /* Debug */,
				D0ED69D01AEB5C88008EDA8B /* Release */,
			);
			defaultConfigurationIsVisible = 0;
			defaultConfigurationName = Release;
		};
/* End XCConfigurationList section */
	};
	rootObject = D0ED69A01AEB5C88008EDA8B /* Project object */;
}
